// !$*UTF8*$!
{
	archiveVersion = 1;
	classes = {
	};
	objectVersion = 48;
	objects = {

/* Begin PBXBuildFile section */
		7618B2D41FE8C1ED000F91F4 /* AllocDellocViewController.swift in Sources */ = {isa = PBXBuildFile; fileRef = 7618B2D31FE8C1ED000F91F4 /* AllocDellocViewController.swift */; };
		7618B2D71FE90FB0000F91F4 /* JDHomeViewController.swift in Sources */ = {isa = PBXBuildFile; fileRef = 7618B2D61FE90FB0000F91F4 /* JDHomeViewController.swift */; };
		761AFD7620070B0E00A00BD6 /* UILabel+Category.swift in Sources */ = {isa = PBXBuildFile; fileRef = 761AFD7520070B0E00A00BD6 /* UILabel+Category.swift */; };
		761AFD7820070B3900A00BD6 /* UIView+Category.swift in Sources */ = {isa = PBXBuildFile; fileRef = 761AFD7720070B3900A00BD6 /* UIView+Category.swift */; };
		764C64711FE7658E002329AD /* AppDelegate.swift in Sources */ = {isa = PBXBuildFile; fileRef = 764C64701FE7658E002329AD /* AppDelegate.swift */; };
		764C64731FE7658E002329AD /* ViewController.swift in Sources */ = {isa = PBXBuildFile; fileRef = 764C64721FE7658E002329AD /* ViewController.swift */; };
		764C64761FE7658E002329AD /* Main.storyboard in Resources */ = {isa = PBXBuildFile; fileRef = 764C64741FE7658E002329AD /* Main.storyboard */; };
		764C64781FE7658E002329AD /* Assets.xcassets in Resources */ = {isa = PBXBuildFile; fileRef = 764C64771FE7658E002329AD /* Assets.xcassets */; };
		764C647B1FE7658E002329AD /* LaunchScreen.storyboard in Resources */ = {isa = PBXBuildFile; fileRef = 764C64791FE7658E002329AD /* LaunchScreen.storyboard */; };
		764C64861FE7658E002329AD /* jdappTests.swift in Sources */ = {isa = PBXBuildFile; fileRef = 764C64851FE7658E002329AD /* jdappTests.swift */; };
		764C64911FE7658E002329AD /* jdappUITests.swift in Sources */ = {isa = PBXBuildFile; fileRef = 764C64901FE7658E002329AD /* jdappUITests.swift */; };
		7660B9ED1FF4D9D000082363 /* TransparentNavigationBar.swift in Sources */ = {isa = PBXBuildFile; fileRef = 7660B9EC1FF4D9D000082363 /* TransparentNavigationBar.swift */; };
		7661AF9A1FEA460C00C20389 /* BaseViewController.swift in Sources */ = {isa = PBXBuildFile; fileRef = 7661AF991FEA460C00C20389 /* BaseViewController.swift */; };
		7661AF9C1FEA466100C20389 /* JDShopCarViewController.swift in Sources */ = {isa = PBXBuildFile; fileRef = 7661AF9B1FEA466100C20389 /* JDShopCarViewController.swift */; };
		7661AFA41FEA48C900C20389 /* JDCategoryViewController.swift in Sources */ = {isa = PBXBuildFile; fileRef = 7661AFA31FEA48C900C20389 /* JDCategoryViewController.swift */; };
		7661AFA61FEA48E000C20389 /* JDFinderViewController.swift in Sources */ = {isa = PBXBuildFile; fileRef = 7661AFA51FEA48E000C20389 /* JDFinderViewController.swift */; };
		7661AFAB1FEA491500C20389 /* JDUserViewController.swift in Sources */ = {isa = PBXBuildFile; fileRef = 7661AFAA1FEA491500C20389 /* JDUserViewController.swift */; };
		7661AFAD1FEA497600C20389 /* JDTabBarController.swift in Sources */ = {isa = PBXBuildFile; fileRef = 7661AFAC1FEA497600C20389 /* JDTabBarController.swift */; };
		7661AFB01FEA4A5B00C20389 /* JDNavigationController.swift in Sources */ = {isa = PBXBuildFile; fileRef = 7661AFAF1FEA4A5B00C20389 /* JDNavigationController.swift */; };
		7661AFB41FEA5A3300C20389 /* UtilMacro.swift in Sources */ = {isa = PBXBuildFile; fileRef = 7661AFB31FEA5A3300C20389 /* UtilMacro.swift */; };
		7661AFB71FEA5E1C00C20389 /* Localizable.strings in Resources */ = {isa = PBXBuildFile; fileRef = 7661AFB91FEA5E1C00C20389 /* Localizable.strings */; };
		7661AFBE1FEA630100C20389 /* Theme.swift in Sources */ = {isa = PBXBuildFile; fileRef = 7661AFBD1FEA630100C20389 /* Theme.swift */; };
		76620BDE1FFCC69B00414D4D /* GoodsView.swift in Sources */ = {isa = PBXBuildFile; fileRef = 76620BDD1FFCC69B00414D4D /* GoodsView.swift */; };
		76620BE01FFCC96500414D4D /* GoodsViewModel.swift in Sources */ = {isa = PBXBuildFile; fileRef = 76620BDF1FFCC96500414D4D /* GoodsViewModel.swift */; };
		76620BE21FFCDAFE00414D4D /* JDHomeGoodsViewCell.swift in Sources */ = {isa = PBXBuildFile; fileRef = 76620BE11FFCDAFE00414D4D /* JDHomeGoodsViewCell.swift */; };
		76721278200313F8008E8D2B /* JDShopCarGoodsCell.swift in Sources */ = {isa = PBXBuildFile; fileRef = 76721277200313F8008E8D2B /* JDShopCarGoodsCell.swift */; };
		7672127A200345E2008E8D2B /* JDShopCarGoodsStoreView.swift in Sources */ = {isa = PBXBuildFile; fileRef = 76721279200345E2008E8D2B /* JDShopCarGoodsStoreView.swift */; };
		767AA6B620198247004A15F3 /* NSRange+Category.swift in Sources */ = {isa = PBXBuildFile; fileRef = 767AA6B520198247004A15F3 /* NSRange+Category.swift */; };
		76824FC41FFB6EDC00FAEB2C /* JDHomeGoodsCategoryCell.swift in Sources */ = {isa = PBXBuildFile; fileRef = 76824FC31FFB6EDC00FAEB2C /* JDHomeGoodsCategoryCell.swift */; };
		76992B311FF627C50028F677 /* NavigatorScrollView.swift in Sources */ = {isa = PBXBuildFile; fileRef = 76992B301FF627C50028F677 /* NavigatorScrollView.swift */; };
		76992B331FF62BED0028F677 /* JDHomeViewCell.swift in Sources */ = {isa = PBXBuildFile; fileRef = 76992B321FF62BED0028F677 /* JDHomeViewCell.swift */; };
		76992B351FF630C70028F677 /* JDHomeBannerCell.swift in Sources */ = {isa = PBXBuildFile; fileRef = 76992B341FF630C70028F677 /* JDHomeBannerCell.swift */; };
		76992B371FF630F80028F677 /* JDHomeNavigatorCell.swift in Sources */ = {isa = PBXBuildFile; fileRef = 76992B361FF630F80028F677 /* JDHomeNavigatorCell.swift */; };
		76992B3C1FF633570028F677 /* BaseViewModel.swift in Sources */ = {isa = PBXBuildFile; fileRef = 76992B3B1FF633570028F677 /* BaseViewModel.swift */; };
		76992B3E1FF633900028F677 /* JDHomeGoodCategoryViewModel.swift in Sources */ = {isa = PBXBuildFile; fileRef = 76992B3D1FF633900028F677 /* JDHomeGoodCategoryViewModel.swift */; };
		76A0C62120026F2F00A3F500 /* JDShopCarViewModel.swift in Sources */ = {isa = PBXBuildFile; fileRef = 76A0C62020026F2F00A3F500 /* JDShopCarViewModel.swift */; };
		76C90E57201041A900307B62 /* UICollectionViewPlainFlowLayout.swift in Sources */ = {isa = PBXBuildFile; fileRef = 76C90E56201041A900307B62 /* UICollectionViewPlainFlowLayout.swift */; };
		76C90E592010495400307B62 /* UIScrollView+Category.swift in Sources */ = {isa = PBXBuildFile; fileRef = 76C90E582010495400307B62 /* UIScrollView+Category.swift */; };
		76C90E5B20108E1600307B62 /* String+Category.swift in Sources */ = {isa = PBXBuildFile; fileRef = 76C90E5A20108E1600307B62 /* String+Category.swift */; };
		AC31B07CBD8FAC5864A5CFBF /* Pods_jdappTests.framework in Frameworks */ = {isa = PBXBuildFile; fileRef = 04E5807BEFD1D3DC3355FF96 /* Pods_jdappTests.framework */; };
		E33F46BE90054E7E4FBC0DB1 /* Pods_jdapp.framework in Frameworks */ = {isa = PBXBuildFile; fileRef = 51C0D1454BDBC95A220975F5 /* Pods_jdapp.framework */; };
		FB798A20B420FB8B44180CB9 /* Pods_jdappUITests.framework in Frameworks */ = {isa = PBXBuildFile; fileRef = 5183592F079C84E6CFE728B3 /* Pods_jdappUITests.framework */; };
/* End PBXBuildFile section */

/* Begin PBXContainerItemProxy section */
		764C64821FE7658E002329AD /* PBXContainerItemProxy */ = {
			isa = PBXContainerItemProxy;
			containerPortal = 764C64651FE7658E002329AD /* Project object */;
			proxyType = 1;
			remoteGlobalIDString = 764C646C1FE7658E002329AD;
			remoteInfo = jdapp;
		};
		764C648D1FE7658E002329AD /* PBXContainerItemProxy */ = {
			isa = PBXContainerItemProxy;
			containerPortal = 764C64651FE7658E002329AD /* Project object */;
			proxyType = 1;
			remoteGlobalIDString = 764C646C1FE7658E002329AD;
			remoteInfo = jdapp;
		};
/* End PBXContainerItemProxy section */

/* Begin PBXFileReference section */
		04E5807BEFD1D3DC3355FF96 /* Pods_jdappTests.framework */ = {isa = PBXFileReference; explicitFileType = wrapper.framework; includeInIndex = 0; path = Pods_jdappTests.framework; sourceTree = BUILT_PRODUCTS_DIR; };
		22B699D8FD04E20958DAAE0D /* Pods-jdappUITests.release.xcconfig */ = {isa = PBXFileReference; includeInIndex = 1; lastKnownFileType = text.xcconfig; name = "Pods-jdappUITests.release.xcconfig"; path = "Pods/Target Support Files/Pods-jdappUITests/Pods-jdappUITests.release.xcconfig"; sourceTree = "<group>"; };
		2E81258EF75D55C2B4650DC8 /* Pods-jdapp.release.xcconfig */ = {isa = PBXFileReference; includeInIndex = 1; lastKnownFileType = text.xcconfig; name = "Pods-jdapp.release.xcconfig"; path = "Pods/Target Support Files/Pods-jdapp/Pods-jdapp.release.xcconfig"; sourceTree = "<group>"; };
		5183592F079C84E6CFE728B3 /* Pods_jdappUITests.framework */ = {isa = PBXFileReference; explicitFileType = wrapper.framework; includeInIndex = 0; path = Pods_jdappUITests.framework; sourceTree = BUILT_PRODUCTS_DIR; };
		51C0D1454BDBC95A220975F5 /* Pods_jdapp.framework */ = {isa = PBXFileReference; explicitFileType = wrapper.framework; includeInIndex = 0; path = Pods_jdapp.framework; sourceTree = BUILT_PRODUCTS_DIR; };
		6332969F15EB458D5B63BA7F /* Pods-jdappUITests.debug.xcconfig */ = {isa = PBXFileReference; includeInIndex = 1; lastKnownFileType = text.xcconfig; name = "Pods-jdappUITests.debug.xcconfig"; path = "Pods/Target Support Files/Pods-jdappUITests/Pods-jdappUITests.debug.xcconfig"; sourceTree = "<group>"; };
		7618B2D31FE8C1ED000F91F4 /* AllocDellocViewController.swift */ = {isa = PBXFileReference; lastKnownFileType = sourcecode.swift; path = AllocDellocViewController.swift; sourceTree = "<group>"; };
		7618B2D61FE90FB0000F91F4 /* JDHomeViewController.swift */ = {isa = PBXFileReference; lastKnownFileType = sourcecode.swift; path = JDHomeViewController.swift; sourceTree = "<group>"; };
		761AFD7520070B0E00A00BD6 /* UILabel+Category.swift */ = {isa = PBXFileReference; lastKnownFileType = sourcecode.swift; path = "UILabel+Category.swift"; sourceTree = "<group>"; };
		761AFD7720070B3900A00BD6 /* UIView+Category.swift */ = {isa = PBXFileReference; lastKnownFileType = sourcecode.swift; path = "UIView+Category.swift"; sourceTree = "<group>"; };
		764C646D1FE7658E002329AD /* jdapp.app */ = {isa = PBXFileReference; explicitFileType = wrapper.application; includeInIndex = 0; path = jdapp.app; sourceTree = BUILT_PRODUCTS_DIR; };
		764C64701FE7658E002329AD /* AppDelegate.swift */ = {isa = PBXFileReference; lastKnownFileType = sourcecode.swift; path = AppDelegate.swift; sourceTree = "<group>"; };
		764C64721FE7658E002329AD /* ViewController.swift */ = {isa = PBXFileReference; lastKnownFileType = sourcecode.swift; path = ViewController.swift; sourceTree = "<group>"; };
		764C64751FE7658E002329AD /* Base */ = {isa = PBXFileReference; lastKnownFileType = file.storyboard; name = Base; path = Base.lproj/Main.storyboard; sourceTree = "<group>"; };
		764C64771FE7658E002329AD /* Assets.xcassets */ = {isa = PBXFileReference; lastKnownFileType = folder.assetcatalog; path = Assets.xcassets; sourceTree = "<group>"; };
		764C647A1FE7658E002329AD /* Base */ = {isa = PBXFileReference; lastKnownFileType = file.storyboard; name = Base; path = Base.lproj/LaunchScreen.storyboard; sourceTree = "<group>"; };
		764C647C1FE7658E002329AD /* Info.plist */ = {isa = PBXFileReference; lastKnownFileType = text.plist.xml; path = Info.plist; sourceTree = "<group>"; };
		764C64811FE7658E002329AD /* jdappTests.xctest */ = {isa = PBXFileReference; explicitFileType = wrapper.cfbundle; includeInIndex = 0; path = jdappTests.xctest; sourceTree = BUILT_PRODUCTS_DIR; };
		764C64851FE7658E002329AD /* jdappTests.swift */ = {isa = PBXFileReference; lastKnownFileType = sourcecode.swift; path = jdappTests.swift; sourceTree = "<group>"; };
		764C64871FE7658E002329AD /* Info.plist */ = {isa = PBXFileReference; lastKnownFileType = text.plist.xml; path = Info.plist; sourceTree = "<group>"; };
		764C648C1FE7658E002329AD /* jdappUITests.xctest */ = {isa = PBXFileReference; explicitFileType = wrapper.cfbundle; includeInIndex = 0; path = jdappUITests.xctest; sourceTree = BUILT_PRODUCTS_DIR; };
		764C64901FE7658E002329AD /* jdappUITests.swift */ = {isa = PBXFileReference; lastKnownFileType = sourcecode.swift; path = jdappUITests.swift; sourceTree = "<group>"; };
		764C64921FE7658E002329AD /* Info.plist */ = {isa = PBXFileReference; lastKnownFileType = text.plist.xml; path = Info.plist; sourceTree = "<group>"; };
		7660B9E81FF4A1B500082363 /* README.md */ = {isa = PBXFileReference; lastKnownFileType = net.daringfireball.markdown; path = README.md; sourceTree = "<group>"; };
		7660B9EA1FF4C2CF00082363 /* 京东首页导航栏.md */ = {isa = PBXFileReference; lastKnownFileType = net.daringfireball.markdown; path = "京东首页导航栏.md"; sourceTree = "<group>"; };
		7660B9EC1FF4D9D000082363 /* TransparentNavigationBar.swift */ = {isa = PBXFileReference; lastKnownFileType = sourcecode.swift; path = TransparentNavigationBar.swift; sourceTree = "<group>"; };
		7661AF991FEA460C00C20389 /* BaseViewController.swift */ = {isa = PBXFileReference; lastKnownFileType = sourcecode.swift; path = BaseViewController.swift; sourceTree = "<group>"; };
		7661AF9B1FEA466100C20389 /* JDShopCarViewController.swift */ = {isa = PBXFileReference; lastKnownFileType = sourcecode.swift; path = JDShopCarViewController.swift; sourceTree = "<group>"; };
		7661AFA31FEA48C900C20389 /* JDCategoryViewController.swift */ = {isa = PBXFileReference; lastKnownFileType = sourcecode.swift; path = JDCategoryViewController.swift; sourceTree = "<group>"; };
		7661AFA51FEA48E000C20389 /* JDFinderViewController.swift */ = {isa = PBXFileReference; lastKnownFileType = sourcecode.swift; path = JDFinderViewController.swift; sourceTree = "<group>"; };
		7661AFAA1FEA491500C20389 /* JDUserViewController.swift */ = {isa = PBXFileReference; lastKnownFileType = sourcecode.swift; path = JDUserViewController.swift; sourceTree = "<group>"; };
		7661AFAC1FEA497600C20389 /* JDTabBarController.swift */ = {isa = PBXFileReference; lastKnownFileType = sourcecode.swift; path = JDTabBarController.swift; sourceTree = "<group>"; };
		7661AFAF1FEA4A5B00C20389 /* JDNavigationController.swift */ = {isa = PBXFileReference; lastKnownFileType = sourcecode.swift; path = JDNavigationController.swift; sourceTree = "<group>"; };
		7661AFB31FEA5A3300C20389 /* UtilMacro.swift */ = {isa = PBXFileReference; lastKnownFileType = sourcecode.swift; path = UtilMacro.swift; sourceTree = "<group>"; };
		7661AFB81FEA5E1C00C20389 /* en */ = {isa = PBXFileReference; lastKnownFileType = text.plist.strings; name = en; path = en.lproj/Localizable.strings; sourceTree = "<group>"; };
		7661AFBA1FEA5E3D00C20389 /* zh-Hans */ = {isa = PBXFileReference; lastKnownFileType = text.plist.strings; name = "zh-Hans"; path = "zh-Hans.lproj/Main.strings"; sourceTree = "<group>"; };
		7661AFBB1FEA5E3D00C20389 /* zh-Hans */ = {isa = PBXFileReference; lastKnownFileType = text.plist.strings; name = "zh-Hans"; path = "zh-Hans.lproj/LaunchScreen.strings"; sourceTree = "<group>"; };
		7661AFBC1FEA5E3D00C20389 /* zh-Hans */ = {isa = PBXFileReference; lastKnownFileType = text.plist.strings; name = "zh-Hans"; path = "zh-Hans.lproj/Localizable.strings"; sourceTree = "<group>"; };
		7661AFBD1FEA630100C20389 /* Theme.swift */ = {isa = PBXFileReference; lastKnownFileType = sourcecode.swift; path = Theme.swift; sourceTree = "<group>"; };
		76620BDC1FFC7D4800414D4D /* Tips.md */ = {isa = PBXFileReference; lastKnownFileType = net.daringfireball.markdown; path = Tips.md; sourceTree = "<group>"; };
		76620BDD1FFCC69B00414D4D /* GoodsView.swift */ = {isa = PBXFileReference; lastKnownFileType = sourcecode.swift; path = GoodsView.swift; sourceTree = "<group>"; };
		76620BDF1FFCC96500414D4D /* GoodsViewModel.swift */ = {isa = PBXFileReference; lastKnownFileType = sourcecode.swift; path = GoodsViewModel.swift; sourceTree = "<group>"; };
		76620BE11FFCDAFE00414D4D /* JDHomeGoodsViewCell.swift */ = {isa = PBXFileReference; lastKnownFileType = sourcecode.swift; path = JDHomeGoodsViewCell.swift; sourceTree = "<group>"; };
		76636F161FFDC53600E76CCA /* ReactiveSwift.framework */ = {isa = PBXFileReference; explicitFileType = wrapper.framework; path = ReactiveSwift.framework; sourceTree = BUILT_PRODUCTS_DIR; };
		76721277200313F8008E8D2B /* JDShopCarGoodsCell.swift */ = {isa = PBXFileReference; lastKnownFileType = sourcecode.swift; path = JDShopCarGoodsCell.swift; sourceTree = "<group>"; };
		76721279200345E2008E8D2B /* JDShopCarGoodsStoreView.swift */ = {isa = PBXFileReference; lastKnownFileType = sourcecode.swift; path = JDShopCarGoodsStoreView.swift; sourceTree = "<group>"; };
		767AA6B520198247004A15F3 /* NSRange+Category.swift */ = {isa = PBXFileReference; lastKnownFileType = sourcecode.swift; path = "NSRange+Category.swift"; sourceTree = "<group>"; };
		76824FC31FFB6EDC00FAEB2C /* JDHomeGoodsCategoryCell.swift */ = {isa = PBXFileReference; lastKnownFileType = sourcecode.swift; path = JDHomeGoodsCategoryCell.swift; sourceTree = "<group>"; };
		76992B301FF627C50028F677 /* NavigatorScrollView.swift */ = {isa = PBXFileReference; lastKnownFileType = sourcecode.swift; path = NavigatorScrollView.swift; sourceTree = "<group>"; };
		76992B321FF62BED0028F677 /* JDHomeViewCell.swift */ = {isa = PBXFileReference; lastKnownFileType = sourcecode.swift; path = JDHomeViewCell.swift; sourceTree = "<group>"; };
		76992B341FF630C70028F677 /* JDHomeBannerCell.swift */ = {isa = PBXFileReference; lastKnownFileType = sourcecode.swift; path = JDHomeBannerCell.swift; sourceTree = "<group>"; };
		76992B361FF630F80028F677 /* JDHomeNavigatorCell.swift */ = {isa = PBXFileReference; lastKnownFileType = sourcecode.swift; path = JDHomeNavigatorCell.swift; sourceTree = "<group>"; };
		76992B3B1FF633570028F677 /* BaseViewModel.swift */ = {isa = PBXFileReference; lastKnownFileType = sourcecode.swift; path = BaseViewModel.swift; sourceTree = "<group>"; };
		76992B3D1FF633900028F677 /* JDHomeGoodCategoryViewModel.swift */ = {isa = PBXFileReference; lastKnownFileType = sourcecode.swift; path = JDHomeGoodCategoryViewModel.swift; sourceTree = "<group>"; };
		76A0C62020026F2F00A3F500 /* JDShopCarViewModel.swift */ = {isa = PBXFileReference; lastKnownFileType = sourcecode.swift; name = JDShopCarViewModel.swift; path = jdapp/JDShopCar/ViewModels/JDShopCarViewModel.swift; sourceTree = SOURCE_ROOT; };
		76C286342000E6C9006B1AA5 /* ShopCar.md */ = {isa = PBXFileReference; lastKnownFileType = net.daringfireball.markdown; path = ShopCar.md; sourceTree = "<group>"; };
		76C90E56201041A900307B62 /* UICollectionViewPlainFlowLayout.swift */ = {isa = PBXFileReference; lastKnownFileType = sourcecode.swift; path = UICollectionViewPlainFlowLayout.swift; sourceTree = "<group>"; };
		76C90E582010495400307B62 /* UIScrollView+Category.swift */ = {isa = PBXFileReference; lastKnownFileType = sourcecode.swift; path = "UIScrollView+Category.swift"; sourceTree = "<group>"; };
		76C90E5A20108E1600307B62 /* String+Category.swift */ = {isa = PBXFileReference; lastKnownFileType = sourcecode.swift; path = "String+Category.swift"; sourceTree = "<group>"; };
		A697D9B77D083E9AC853E4A8 /* Pods-jdapp.debug.xcconfig */ = {isa = PBXFileReference; includeInIndex = 1; lastKnownFileType = text.xcconfig; name = "Pods-jdapp.debug.xcconfig"; path = "Pods/Target Support Files/Pods-jdapp/Pods-jdapp.debug.xcconfig"; sourceTree = "<group>"; };
		D799D89983D0B28CDCCB4974 /* Pods-jdappTests.release.xcconfig */ = {isa = PBXFileReference; includeInIndex = 1; lastKnownFileType = text.xcconfig; name = "Pods-jdappTests.release.xcconfig"; path = "Pods/Target Support Files/Pods-jdappTests/Pods-jdappTests.release.xcconfig"; sourceTree = "<group>"; };
		F2B0D6871C46360AE6BF9BD7 /* Pods-jdappTests.debug.xcconfig */ = {isa = PBXFileReference; includeInIndex = 1; lastKnownFileType = text.xcconfig; name = "Pods-jdappTests.debug.xcconfig"; path = "Pods/Target Support Files/Pods-jdappTests/Pods-jdappTests.debug.xcconfig"; sourceTree = "<group>"; };
/* End PBXFileReference section */

/* Begin PBXFrameworksBuildPhase section */
		764C646A1FE7658E002329AD /* Frameworks */ = {
			isa = PBXFrameworksBuildPhase;
			buildActionMask = 2147483647;
			files = (
				E33F46BE90054E7E4FBC0DB1 /* Pods_jdapp.framework in Frameworks */,
			);
			runOnlyForDeploymentPostprocessing = 0;
		};
		764C647E1FE7658E002329AD /* Frameworks */ = {
			isa = PBXFrameworksBuildPhase;
			buildActionMask = 2147483647;
			files = (
				AC31B07CBD8FAC5864A5CFBF /* Pods_jdappTests.framework in Frameworks */,
			);
			runOnlyForDeploymentPostprocessing = 0;
		};
		764C64891FE7658E002329AD /* Frameworks */ = {
			isa = PBXFrameworksBuildPhase;
			buildActionMask = 2147483647;
			files = (
				FB798A20B420FB8B44180CB9 /* Pods_jdappUITests.framework in Frameworks */,
			);
			runOnlyForDeploymentPostprocessing = 0;
		};
/* End PBXFrameworksBuildPhase section */

/* Begin PBXGroup section */
		1A255ED566A5A0017E3A9153 /* Frameworks */ = {
			isa = PBXGroup;
			children = (
				76636F161FFDC53600E76CCA /* ReactiveSwift.framework */,
				51C0D1454BDBC95A220975F5 /* Pods_jdapp.framework */,
				04E5807BEFD1D3DC3355FF96 /* Pods_jdappTests.framework */,
				5183592F079C84E6CFE728B3 /* Pods_jdappUITests.framework */,
			);
			name = Frameworks;
			sourceTree = "<group>";
		};
		34F2E54003BB773A4400DC10 /* Pods */ = {
			isa = PBXGroup;
			children = (
				A697D9B77D083E9AC853E4A8 /* Pods-jdapp.debug.xcconfig */,
				2E81258EF75D55C2B4650DC8 /* Pods-jdapp.release.xcconfig */,
				F2B0D6871C46360AE6BF9BD7 /* Pods-jdappTests.debug.xcconfig */,
				D799D89983D0B28CDCCB4974 /* Pods-jdappTests.release.xcconfig */,
				6332969F15EB458D5B63BA7F /* Pods-jdappUITests.debug.xcconfig */,
				22B699D8FD04E20958DAAE0D /* Pods-jdappUITests.release.xcconfig */,
			);
			name = Pods;
			sourceTree = "<group>";
		};
		7618B2D21FE8C1B4000F91F4 /* BaseViewController */ = {
			isa = PBXGroup;
			children = (
				7618B2D31FE8C1ED000F91F4 /* AllocDellocViewController.swift */,
				7661AF991FEA460C00C20389 /* BaseViewController.swift */,
				7661AFAC1FEA497600C20389 /* JDTabBarController.swift */,
				7661AFAF1FEA4A5B00C20389 /* JDNavigationController.swift */,
			);
			path = BaseViewController;
			sourceTree = "<group>";
		};
		7618B2D51FE90475000F91F4 /* SupportFiles */ = {
			isa = PBXGroup;
			children = (
				764C647C1FE7658E002329AD /* Info.plist */,
				764C64701FE7658E002329AD /* AppDelegate.swift */,
				764C64721FE7658E002329AD /* ViewController.swift */,
				764C64741FE7658E002329AD /* Main.storyboard */,
				764C64771FE7658E002329AD /* Assets.xcassets */,
				764C64791FE7658E002329AD /* LaunchScreen.storyboard */,
				7661AFB91FEA5E1C00C20389 /* Localizable.strings */,
			);
			path = SupportFiles;
			sourceTree = "<group>";
		};
		761AFD742007095A00A00BD6 /* Category */ = {
			isa = PBXGroup;
			children = (
				761AFD7520070B0E00A00BD6 /* UILabel+Category.swift */,
				761AFD7720070B3900A00BD6 /* UIView+Category.swift */,
				76C90E582010495400307B62 /* UIScrollView+Category.swift */,
				76C90E5A20108E1600307B62 /* String+Category.swift */,
				767AA6B520198247004A15F3 /* NSRange+Category.swift */,
			);
			path = Category;
			sourceTree = "<group>";
		};
		764C64641FE7658E002329AD = {
			isa = PBXGroup;
			children = (
				7660B9E91FF4A56F00082363 /* ReadMe */,
				764C646F1FE7658E002329AD /* jdapp */,
				764C64841FE7658E002329AD /* jdappTests */,
				764C648F1FE7658E002329AD /* jdappUITests */,
				764C646E1FE7658E002329AD /* Products */,
				34F2E54003BB773A4400DC10 /* Pods */,
				1A255ED566A5A0017E3A9153 /* Frameworks */,
			);
			sourceTree = "<group>";
		};
		764C646E1FE7658E002329AD /* Products */ = {
			isa = PBXGroup;
			children = (
				764C646D1FE7658E002329AD /* jdapp.app */,
				764C64811FE7658E002329AD /* jdappTests.xctest */,
				764C648C1FE7658E002329AD /* jdappUITests.xctest */,
			);
			name = Products;
			sourceTree = "<group>";
		};
		764C646F1FE7658E002329AD /* jdapp */ = {
			isa = PBXGroup;
			children = (
				7661AFAE1FEA49F800C20389 /* Common */,
				7618B2D51FE90475000F91F4 /* SupportFiles */,
				76936F661FE8B7300009AB2F /* Helper */,
				76936F651FE8B66E0009AB2F /* JDUser */,
				76936F641FE8B65A0009AB2F /* JDShopCar */,
				76936F631FE8B64C0009AB2F /* JDFinder */,
				76936F621FE8B63E0009AB2F /* JDCategory */,
				76936F611FE8B5DA0009AB2F /* JDHome */,
			);
			path = jdapp;
			sourceTree = "<group>";
		};
		764C64841FE7658E002329AD /* jdappTests */ = {
			isa = PBXGroup;
			children = (
				764C64851FE7658E002329AD /* jdappTests.swift */,
				764C64871FE7658E002329AD /* Info.plist */,
			);
			path = jdappTests;
			sourceTree = "<group>";
		};
		764C648F1FE7658E002329AD /* jdappUITests */ = {
			isa = PBXGroup;
			children = (
				764C64901FE7658E002329AD /* jdappUITests.swift */,
				764C64921FE7658E002329AD /* Info.plist */,
			);
			path = jdappUITests;
			sourceTree = "<group>";
		};
		7660B9E91FF4A56F00082363 /* ReadMe */ = {
			isa = PBXGroup;
			children = (
				7660B9E81FF4A1B500082363 /* README.md */,
				7660B9EA1FF4C2CF00082363 /* 京东首页导航栏.md */,
				76620BDC1FFC7D4800414D4D /* Tips.md */,
				76C286342000E6C9006B1AA5 /* ShopCar.md */,
			);
			path = ReadMe;
			sourceTree = "<group>";
		};
		7660B9EB1FF4D99000082363 /* Views */ = {
			isa = PBXGroup;
			children = (
				7660B9EC1FF4D9D000082363 /* TransparentNavigationBar.swift */,
				76992B301FF627C50028F677 /* NavigatorScrollView.swift */,
				76620BDD1FFCC69B00414D4D /* GoodsView.swift */,
				76C90E56201041A900307B62 /* UICollectionViewPlainFlowLayout.swift */,
			);
			path = Views;
			sourceTree = "<group>";
		};
		7661AF931FEA448E00C20389 /* Controllers */ = {
			isa = PBXGroup;
			children = (
				7618B2D61FE90FB0000F91F4 /* JDHomeViewController.swift */,
			);
			path = Controllers;
			sourceTree = "<group>";
		};
		7661AF941FEA44A000C20389 /* Views */ = {
			isa = PBXGroup;
			children = (
				76992B321FF62BED0028F677 /* JDHomeViewCell.swift */,
				76992B341FF630C70028F677 /* JDHomeBannerCell.swift */,
				76992B361FF630F80028F677 /* JDHomeNavigatorCell.swift */,
				76824FC31FFB6EDC00FAEB2C /* JDHomeGoodsCategoryCell.swift */,
				76620BE11FFCDAFE00414D4D /* JDHomeGoodsViewCell.swift */,
			);
			path = Views;
			sourceTree = "<group>";
		};
		7661AF951FEA44B500C20389 /* ViewModels */ = {
			isa = PBXGroup;
			children = (
				76992B3D1FF633900028F677 /* JDHomeGoodCategoryViewModel.swift */,
			);
			path = ViewModels;
			sourceTree = "<group>";
		};
		7661AF961FEA459D00C20389 /* Controllers */ = {
			isa = PBXGroup;
			children = (
				7661AF9B1FEA466100C20389 /* JDShopCarViewController.swift */,
			);
			path = Controllers;
			sourceTree = "<group>";
		};
		7661AF9D1FEA485700C20389 /* Controllers */ = {
			isa = PBXGroup;
			children = (
				7661AFA31FEA48C900C20389 /* JDCategoryViewController.swift */,
			);
			path = Controllers;
			sourceTree = "<group>";
		};
		7661AF9E1FEA486600C20389 /* Views */ = {
			isa = PBXGroup;
			children = (
			);
			path = Views;
			sourceTree = "<group>";
		};
		7661AF9F1FEA486E00C20389 /* ViewModels */ = {
			isa = PBXGroup;
			children = (
			);
			path = ViewModels;
			sourceTree = "<group>";
		};
		7661AFA01FEA487800C20389 /* Controllers */ = {
			isa = PBXGroup;
			children = (
				7661AFA51FEA48E000C20389 /* JDFinderViewController.swift */,
			);
			path = Controllers;
			sourceTree = "<group>";
		};
		7661AFA11FEA488200C20389 /* Views */ = {
			isa = PBXGroup;
			children = (
			);
			path = Views;
			sourceTree = "<group>";
		};
		7661AFA21FEA488900C20389 /* ViewModels */ = {
			isa = PBXGroup;
			children = (
			);
			path = ViewModels;
			sourceTree = "<group>";
		};
		7661AFA71FEA48E800C20389 /* Controllers */ = {
			isa = PBXGroup;
			children = (
				7661AFAA1FEA491500C20389 /* JDUserViewController.swift */,
			);
			path = Controllers;
			sourceTree = "<group>";
		};
		7661AFA81FEA48F500C20389 /* Views */ = {
			isa = PBXGroup;
			children = (
			);
			path = Views;
			sourceTree = "<group>";
		};
		7661AFA91FEA48FC00C20389 /* ViewModels */ = {
			isa = PBXGroup;
			children = (
			);
			path = ViewModels;
			sourceTree = "<group>";
		};
		7661AFAE1FEA49F800C20389 /* Common */ = {
			isa = PBXGroup;
			children = (
				761AFD742007095A00A00BD6 /* Category */,
				76992B3A1FF633380028F677 /* ViewModels */,
				7660B9EB1FF4D99000082363 /* Views */,
				7618B2D21FE8C1B4000F91F4 /* BaseViewController */,
			);
			path = Common;
			sourceTree = "<group>";
		};
		76824FC21FFB27C000FAEB2C /* Category */ = {
			isa = PBXGroup;
			children = (
			);
			path = Category;
			sourceTree = "<group>";
		};
		76936F611FE8B5DA0009AB2F /* JDHome */ = {
			isa = PBXGroup;
			children = (
				7661AF951FEA44B500C20389 /* ViewModels */,
				7661AF941FEA44A000C20389 /* Views */,
				7661AF931FEA448E00C20389 /* Controllers */,
			);
			path = JDHome;
			sourceTree = "<group>";
		};
		76936F621FE8B63E0009AB2F /* JDCategory */ = {
			isa = PBXGroup;
			children = (
				7661AF9F1FEA486E00C20389 /* ViewModels */,
				7661AF9E1FEA486600C20389 /* Views */,
				7661AF9D1FEA485700C20389 /* Controllers */,
			);
			path = JDCategory;
			sourceTree = "<group>";
		};
		76936F631FE8B64C0009AB2F /* JDFinder */ = {
			isa = PBXGroup;
			children = (
				7661AFA21FEA488900C20389 /* ViewModels */,
				7661AFA11FEA488200C20389 /* Views */,
				7661AFA01FEA487800C20389 /* Controllers */,
			);
			path = JDFinder;
			sourceTree = "<group>";
		};
		76936F641FE8B65A0009AB2F /* JDShopCar */ = {
			isa = PBXGroup;
			children = (
				76A0C62320026F5F00A3F500 /* ViewModels */,
				76A0C62220026F5000A3F500 /* Views */,
				7661AF961FEA459D00C20389 /* Controllers */,
			);
			path = JDShopCar;
			sourceTree = "<group>";
		};
		76936F651FE8B66E0009AB2F /* JDUser */ = {
			isa = PBXGroup;
			children = (
				7661AFA91FEA48FC00C20389 /* ViewModels */,
				7661AFA81FEA48F500C20389 /* Views */,
				7661AFA71FEA48E800C20389 /* Controllers */,
			);
			path = JDUser;
			sourceTree = "<group>";
		};
		76936F661FE8B7300009AB2F /* Helper */ = {
			isa = PBXGroup;
			children = (
				76824FC21FFB27C000FAEB2C /* Category */,
				7661AFB31FEA5A3300C20389 /* UtilMacro.swift */,
				7661AFBD1FEA630100C20389 /* Theme.swift */,
			);
			path = Helper;
			sourceTree = "<group>";
		};
		76992B3A1FF633380028F677 /* ViewModels */ = {
			isa = PBXGroup;
			children = (
				76992B3B1FF633570028F677 /* BaseViewModel.swift */,
				76620BDF1FFCC96500414D4D /* GoodsViewModel.swift */,
			);
			path = ViewModels;
			sourceTree = "<group>";
		};
		76A0C62220026F5000A3F500 /* Views */ = {
			isa = PBXGroup;
			children = (
				76721277200313F8008E8D2B /* JDShopCarGoodsCell.swift */,
				76721279200345E2008E8D2B /* JDShopCarGoodsStoreView.swift */,
			);
			path = Views;
			sourceTree = "<group>";
		};
		76A0C62320026F5F00A3F500 /* ViewModels */ = {
			isa = PBXGroup;
			children = (
				76A0C62020026F2F00A3F500 /* JDShopCarViewModel.swift */,
			);
			path = ViewModels;
			sourceTree = "<group>";
		};
/* End PBXGroup section */

/* Begin PBXNativeTarget section */
		764C646C1FE7658E002329AD /* jdapp */ = {
			isa = PBXNativeTarget;
			buildConfigurationList = 764C64951FE7658E002329AD /* Build configuration list for PBXNativeTarget "jdapp" */;
			buildPhases = (
				C1012E0A05042058349E7EB1 /* [CP] Check Pods Manifest.lock */,
				764C64691FE7658E002329AD /* Sources */,
				764C646A1FE7658E002329AD /* Frameworks */,
				764C646B1FE7658E002329AD /* Resources */,
				3300ADBDDE88323144C26EBF /* [CP] Embed Pods Frameworks */,
				6532F0A2F3B392985E818284 /* [CP] Copy Pods Resources */,
			);
			buildRules = (
			);
			dependencies = (
			);
			name = jdapp;
			productName = jdapp;
			productReference = 764C646D1FE7658E002329AD /* jdapp.app */;
			productType = "com.apple.product-type.application";
		};
		764C64801FE7658E002329AD /* jdappTests */ = {
			isa = PBXNativeTarget;
			buildConfigurationList = 764C64981FE7658E002329AD /* Build configuration list for PBXNativeTarget "jdappTests" */;
			buildPhases = (
				259526F2C0D991C2A3F4F056 /* [CP] Check Pods Manifest.lock */,
				764C647D1FE7658E002329AD /* Sources */,
				764C647E1FE7658E002329AD /* Frameworks */,
				764C647F1FE7658E002329AD /* Resources */,
				95FBEBD28B01A43B66DA8AD7 /* [CP] Embed Pods Frameworks */,
				8417489A59B16880AEEE9B43 /* [CP] Copy Pods Resources */,
			);
			buildRules = (
			);
			dependencies = (
				764C64831FE7658E002329AD /* PBXTargetDependency */,
			);
			name = jdappTests;
			productName = jdappTests;
			productReference = 764C64811FE7658E002329AD /* jdappTests.xctest */;
			productType = "com.apple.product-type.bundle.unit-test";
		};
		764C648B1FE7658E002329AD /* jdappUITests */ = {
			isa = PBXNativeTarget;
			buildConfigurationList = 764C649B1FE7658E002329AD /* Build configuration list for PBXNativeTarget "jdappUITests" */;
			buildPhases = (
				2C064C96C3C80873C8A8E2DE /* [CP] Check Pods Manifest.lock */,
				764C64881FE7658E002329AD /* Sources */,
				764C64891FE7658E002329AD /* Frameworks */,
				764C648A1FE7658E002329AD /* Resources */,
				1F6A27ADD32B1D439979E24C /* [CP] Embed Pods Frameworks */,
				390D2FBC1FAA7F27A30F14EB /* [CP] Copy Pods Resources */,
			);
			buildRules = (
			);
			dependencies = (
				764C648E1FE7658E002329AD /* PBXTargetDependency */,
			);
			name = jdappUITests;
			productName = jdappUITests;
			productReference = 764C648C1FE7658E002329AD /* jdappUITests.xctest */;
			productType = "com.apple.product-type.bundle.ui-testing";
		};
/* End PBXNativeTarget section */

/* Begin PBXProject section */
		764C64651FE7658E002329AD /* Project object */ = {
			isa = PBXProject;
			attributes = {
				LastSwiftUpdateCheck = 0910;
				LastUpgradeCheck = 0910;
				ORGANIZATIONNAME = wupeng;
				TargetAttributes = {
					764C646C1FE7658E002329AD = {
						CreatedOnToolsVersion = 9.1;
						ProvisioningStyle = Automatic;
					};
					764C64801FE7658E002329AD = {
						CreatedOnToolsVersion = 9.1;
						ProvisioningStyle = Automatic;
						TestTargetID = 764C646C1FE7658E002329AD;
					};
					764C648B1FE7658E002329AD = {
						CreatedOnToolsVersion = 9.1;
						ProvisioningStyle = Automatic;
						TestTargetID = 764C646C1FE7658E002329AD;
					};
				};
			};
			buildConfigurationList = 764C64681FE7658E002329AD /* Build configuration list for PBXProject "jdapp" */;
			compatibilityVersion = "Xcode 8.0";
			developmentRegion = en;
			hasScannedForEncodings = 0;
			knownRegions = (
				en,
				Base,
				"zh-Hans",
			);
			mainGroup = 764C64641FE7658E002329AD;
			productRefGroup = 764C646E1FE7658E002329AD /* Products */;
			projectDirPath = "";
			projectRoot = "";
			targets = (
				764C646C1FE7658E002329AD /* jdapp */,
				764C64801FE7658E002329AD /* jdappTests */,
				764C648B1FE7658E002329AD /* jdappUITests */,
			);
		};
/* End PBXProject section */

/* Begin PBXResourcesBuildPhase section */
		764C646B1FE7658E002329AD /* Resources */ = {
			isa = PBXResourcesBuildPhase;
			buildActionMask = 2147483647;
			files = (
				7661AFB71FEA5E1C00C20389 /* Localizable.strings in Resources */,
				764C647B1FE7658E002329AD /* LaunchScreen.storyboard in Resources */,
				764C64781FE7658E002329AD /* Assets.xcassets in Resources */,
				764C64761FE7658E002329AD /* Main.storyboard in Resources */,
			);
			runOnlyForDeploymentPostprocessing = 0;
		};
		764C647F1FE7658E002329AD /* Resources */ = {
			isa = PBXResourcesBuildPhase;
			buildActionMask = 2147483647;
			files = (
			);
			runOnlyForDeploymentPostprocessing = 0;
		};
		764C648A1FE7658E002329AD /* Resources */ = {
			isa = PBXResourcesBuildPhase;
			buildActionMask = 2147483647;
			files = (
			);
			runOnlyForDeploymentPostprocessing = 0;
		};
/* End PBXResourcesBuildPhase section */

/* Begin PBXShellScriptBuildPhase section */
		1F6A27ADD32B1D439979E24C /* [CP] Embed Pods Frameworks */ = {
			isa = PBXShellScriptBuildPhase;
			buildActionMask = 2147483647;
			files = (
			);
			inputPaths = (
				"${SRCROOT}/Pods/Target Support Files/Pods-jdappUITests/Pods-jdappUITests-frameworks.sh",
				"${BUILT_PRODUCTS_DIR}/Alamofire/Alamofire.framework",
			);
			name = "[CP] Embed Pods Frameworks";
			outputPaths = (
				"${TARGET_BUILD_DIR}/${FRAMEWORKS_FOLDER_PATH}/Alamofire.framework",
			);
			runOnlyForDeploymentPostprocessing = 0;
			shellPath = /bin/sh;
			shellScript = "\"${SRCROOT}/Pods/Target Support Files/Pods-jdappUITests/Pods-jdappUITests-frameworks.sh\"\n";
			showEnvVarsInLog = 0;
		};
		259526F2C0D991C2A3F4F056 /* [CP] Check Pods Manifest.lock */ = {
			isa = PBXShellScriptBuildPhase;
			buildActionMask = 2147483647;
			files = (
			);
			inputPaths = (
				"${PODS_PODFILE_DIR_PATH}/Podfile.lock",
				"${PODS_ROOT}/Manifest.lock",
			);
			name = "[CP] Check Pods Manifest.lock";
			outputPaths = (
				"$(DERIVED_FILE_DIR)/Pods-jdappTests-checkManifestLockResult.txt",
			);
			runOnlyForDeploymentPostprocessing = 0;
			shellPath = /bin/sh;
			shellScript = "diff \"${PODS_PODFILE_DIR_PATH}/Podfile.lock\" \"${PODS_ROOT}/Manifest.lock\" > /dev/null\nif [ $? != 0 ] ; then\n    # print error to STDERR\n    echo \"error: The sandbox is not in sync with the Podfile.lock. Run 'pod install' or update your CocoaPods installation.\" >&2\n    exit 1\nfi\n# This output is used by Xcode 'outputs' to avoid re-running this script phase.\necho \"SUCCESS\" > \"${SCRIPT_OUTPUT_FILE_0}\"\n";
			showEnvVarsInLog = 0;
		};
		2C064C96C3C80873C8A8E2DE /* [CP] Check Pods Manifest.lock */ = {
			isa = PBXShellScriptBuildPhase;
			buildActionMask = 2147483647;
			files = (
			);
			inputPaths = (
				"${PODS_PODFILE_DIR_PATH}/Podfile.lock",
				"${PODS_ROOT}/Manifest.lock",
			);
			name = "[CP] Check Pods Manifest.lock";
			outputPaths = (
				"$(DERIVED_FILE_DIR)/Pods-jdappUITests-checkManifestLockResult.txt",
			);
			runOnlyForDeploymentPostprocessing = 0;
			shellPath = /bin/sh;
			shellScript = "diff \"${PODS_PODFILE_DIR_PATH}/Podfile.lock\" \"${PODS_ROOT}/Manifest.lock\" > /dev/null\nif [ $? != 0 ] ; then\n    # print error to STDERR\n    echo \"error: The sandbox is not in sync with the Podfile.lock. Run 'pod install' or update your CocoaPods installation.\" >&2\n    exit 1\nfi\n# This output is used by Xcode 'outputs' to avoid re-running this script phase.\necho \"SUCCESS\" > \"${SCRIPT_OUTPUT_FILE_0}\"\n";
			showEnvVarsInLog = 0;
		};
		3300ADBDDE88323144C26EBF /* [CP] Embed Pods Frameworks */ = {
			isa = PBXShellScriptBuildPhase;
			buildActionMask = 2147483647;
			files = (
			);
			inputPaths = (
				"${SRCROOT}/Pods/Target Support Files/Pods-jdapp/Pods-jdapp-frameworks.sh",
				"${BUILT_PRODUCTS_DIR}/Alamofire/Alamofire.framework",
				"${BUILT_PRODUCTS_DIR}/Kingfisher/Kingfisher.framework",
				"${BUILT_PRODUCTS_DIR}/ReactiveCocoa/ReactiveCocoa.framework",
				"${BUILT_PRODUCTS_DIR}/ReactiveSwift/ReactiveSwift.framework",
				"${BUILT_PRODUCTS_DIR}/Result/Result.framework",
				"${BUILT_PRODUCTS_DIR}/SnapKit/SnapKit.framework",
				"${BUILT_PRODUCTS_DIR}/SwiftyJSON/SwiftyJSON.framework",
			);
			name = "[CP] Embed Pods Frameworks";
			outputPaths = (
				"${TARGET_BUILD_DIR}/${FRAMEWORKS_FOLDER_PATH}/Alamofire.framework",
				"${TARGET_BUILD_DIR}/${FRAMEWORKS_FOLDER_PATH}/Kingfisher.framework",
				"${TARGET_BUILD_DIR}/${FRAMEWORKS_FOLDER_PATH}/ReactiveCocoa.framework",
				"${TARGET_BUILD_DIR}/${FRAMEWORKS_FOLDER_PATH}/ReactiveSwift.framework",
				"${TARGET_BUILD_DIR}/${FRAMEWORKS_FOLDER_PATH}/Result.framework",
				"${TARGET_BUILD_DIR}/${FRAMEWORKS_FOLDER_PATH}/SnapKit.framework",
				"${TARGET_BUILD_DIR}/${FRAMEWORKS_FOLDER_PATH}/SwiftyJSON.framework",
			);
			runOnlyForDeploymentPostprocessing = 0;
			shellPath = /bin/sh;
			shellScript = "\"${SRCROOT}/Pods/Target Support Files/Pods-jdapp/Pods-jdapp-frameworks.sh\"\n";
			showEnvVarsInLog = 0;
		};
		390D2FBC1FAA7F27A30F14EB /* [CP] Copy Pods Resources */ = {
			isa = PBXShellScriptBuildPhase;
			buildActionMask = 2147483647;
			files = (
			);
			inputPaths = (
			);
			name = "[CP] Copy Pods Resources";
			outputPaths = (
			);
			runOnlyForDeploymentPostprocessing = 0;
			shellPath = /bin/sh;
			shellScript = "\"${SRCROOT}/Pods/Target Support Files/Pods-jdappUITests/Pods-jdappUITests-resources.sh\"\n";
			showEnvVarsInLog = 0;
		};
		6532F0A2F3B392985E818284 /* [CP] Copy Pods Resources */ = {
			isa = PBXShellScriptBuildPhase;
			buildActionMask = 2147483647;
			files = (
			);
			inputPaths = (
			);
			name = "[CP] Copy Pods Resources";
			outputPaths = (
			);
			runOnlyForDeploymentPostprocessing = 0;
			shellPath = /bin/sh;
			shellScript = "\"${SRCROOT}/Pods/Target Support Files/Pods-jdapp/Pods-jdapp-resources.sh\"\n";
			showEnvVarsInLog = 0;
		};
		8417489A59B16880AEEE9B43 /* [CP] Copy Pods Resources */ = {
			isa = PBXShellScriptBuildPhase;
			buildActionMask = 2147483647;
			files = (
			);
			inputPaths = (
			);
			name = "[CP] Copy Pods Resources";
			outputPaths = (
			);
			runOnlyForDeploymentPostprocessing = 0;
			shellPath = /bin/sh;
			shellScript = "\"${SRCROOT}/Pods/Target Support Files/Pods-jdappTests/Pods-jdappTests-resources.sh\"\n";
			showEnvVarsInLog = 0;
		};
		95FBEBD28B01A43B66DA8AD7 /* [CP] Embed Pods Frameworks */ = {
			isa = PBXShellScriptBuildPhase;
			buildActionMask = 2147483647;
			files = (
			);
			inputPaths = (
				"${SRCROOT}/Pods/Target Support Files/Pods-jdappTests/Pods-jdappTests-frameworks.sh",
				"${BUILT_PRODUCTS_DIR}/Alamofire/Alamofire.framework",
			);
			name = "[CP] Embed Pods Frameworks";
			outputPaths = (
				"${TARGET_BUILD_DIR}/${FRAMEWORKS_FOLDER_PATH}/Alamofire.framework",
			);
			runOnlyForDeploymentPostprocessing = 0;
			shellPath = /bin/sh;
			shellScript = "\"${SRCROOT}/Pods/Target Support Files/Pods-jdappTests/Pods-jdappTests-frameworks.sh\"\n";
			showEnvVarsInLog = 0;
		};
		C1012E0A05042058349E7EB1 /* [CP] Check Pods Manifest.lock */ = {
			isa = PBXShellScriptBuildPhase;
			buildActionMask = 2147483647;
			files = (
			);
			inputPaths = (
				"${PODS_PODFILE_DIR_PATH}/Podfile.lock",
				"${PODS_ROOT}/Manifest.lock",
			);
			name = "[CP] Check Pods Manifest.lock";
			outputPaths = (
				"$(DERIVED_FILE_DIR)/Pods-jdapp-checkManifestLockResult.txt",
			);
			runOnlyForDeploymentPostprocessing = 0;
			shellPath = /bin/sh;
			shellScript = "diff \"${PODS_PODFILE_DIR_PATH}/Podfile.lock\" \"${PODS_ROOT}/Manifest.lock\" > /dev/null\nif [ $? != 0 ] ; then\n    # print error to STDERR\n    echo \"error: The sandbox is not in sync with the Podfile.lock. Run 'pod install' or update your CocoaPods installation.\" >&2\n    exit 1\nfi\n# This output is used by Xcode 'outputs' to avoid re-running this script phase.\necho \"SUCCESS\" > \"${SCRIPT_OUTPUT_FILE_0}\"\n";
			showEnvVarsInLog = 0;
		};
/* End PBXShellScriptBuildPhase section */

/* Begin PBXSourcesBuildPhase section */
		764C64691FE7658E002329AD /* Sources */ = {
			isa = PBXSourcesBuildPhase;
			buildActionMask = 2147483647;
			files = (
				7661AFAD1FEA497600C20389 /* JDTabBarController.swift in Sources */,
				76992B3C1FF633570028F677 /* BaseViewModel.swift in Sources */,
				76992B331FF62BED0028F677 /* JDHomeViewCell.swift in Sources */,
				7661AF9A1FEA460C00C20389 /* BaseViewController.swift in Sources */,
				7661AFB41FEA5A3300C20389 /* UtilMacro.swift in Sources */,
				76A0C62120026F2F00A3F500 /* JDShopCarViewModel.swift in Sources */,
				76992B371FF630F80028F677 /* JDHomeNavigatorCell.swift in Sources */,
				761AFD7820070B3900A00BD6 /* UIView+Category.swift in Sources */,
				76C90E592010495400307B62 /* UIScrollView+Category.swift in Sources */,
				76721278200313F8008E8D2B /* JDShopCarGoodsCell.swift in Sources */,
				76620BE01FFCC96500414D4D /* GoodsViewModel.swift in Sources */,
				76824FC41FFB6EDC00FAEB2C /* JDHomeGoodsCategoryCell.swift in Sources */,
				764C64731FE7658E002329AD /* ViewController.swift in Sources */,
				7618B2D41FE8C1ED000F91F4 /* AllocDellocViewController.swift in Sources */,
				767AA6B620198247004A15F3 /* NSRange+Category.swift in Sources */,
				7661AFB01FEA4A5B00C20389 /* JDNavigationController.swift in Sources */,
				764C64711FE7658E002329AD /* AppDelegate.swift in Sources */,
				76C90E5B20108E1600307B62 /* String+Category.swift in Sources */,
				7661AFA61FEA48E000C20389 /* JDFinderViewController.swift in Sources */,
				7660B9ED1FF4D9D000082363 /* TransparentNavigationBar.swift in Sources */,
				76C90E57201041A900307B62 /* UICollectionViewPlainFlowLayout.swift in Sources */,
				76620BDE1FFCC69B00414D4D /* GoodsView.swift in Sources */,
				7661AFA41FEA48C900C20389 /* JDCategoryViewController.swift in Sources */,
				7672127A200345E2008E8D2B /* JDShopCarGoodsStoreView.swift in Sources */,
				7618B2D71FE90FB0000F91F4 /* JDHomeViewController.swift in Sources */,
				76992B351FF630C70028F677 /* JDHomeBannerCell.swift in Sources */,
				76620BE21FFCDAFE00414D4D /* JDHomeGoodsViewCell.swift in Sources */,
				7661AFBE1FEA630100C20389 /* Theme.swift in Sources */,
				76992B311FF627C50028F677 /* NavigatorScrollView.swift in Sources */,
				761AFD7620070B0E00A00BD6 /* UILabel+Category.swift in Sources */,
				7661AFAB1FEA491500C20389 /* JDUserViewController.swift in Sources */,
				7661AF9C1FEA466100C20389 /* JDShopCarViewController.swift in Sources */,
				76992B3E1FF633900028F677 /* JDHomeGoodCategoryViewModel.swift in Sources */,
			);
			runOnlyForDeploymentPostprocessing = 0;
		};
		764C647D1FE7658E002329AD /* Sources */ = {
			isa = PBXSourcesBuildPhase;
			buildActionMask = 2147483647;
			files = (
				764C64861FE7658E002329AD /* jdappTests.swift in Sources */,
			);
			runOnlyForDeploymentPostprocessing = 0;
		};
		764C64881FE7658E002329AD /* Sources */ = {
			isa = PBXSourcesBuildPhase;
			buildActionMask = 2147483647;
			files = (
				764C64911FE7658E002329AD /* jdappUITests.swift in Sources */,
			);
			runOnlyForDeploymentPostprocessing = 0;
		};
/* End PBXSourcesBuildPhase section */

/* Begin PBXTargetDependency section */
		764C64831FE7658E002329AD /* PBXTargetDependency */ = {
			isa = PBXTargetDependency;
			target = 764C646C1FE7658E002329AD /* jdapp */;
			targetProxy = 764C64821FE7658E002329AD /* PBXContainerItemProxy */;
		};
		764C648E1FE7658E002329AD /* PBXTargetDependency */ = {
			isa = PBXTargetDependency;
			target = 764C646C1FE7658E002329AD /* jdapp */;
			targetProxy = 764C648D1FE7658E002329AD /* PBXContainerItemProxy */;
		};
/* End PBXTargetDependency section */

/* Begin PBXVariantGroup section */
		764C64741FE7658E002329AD /* Main.storyboard */ = {
			isa = PBXVariantGroup;
			children = (
				764C64751FE7658E002329AD /* Base */,
				7661AFBA1FEA5E3D00C20389 /* zh-Hans */,
			);
			name = Main.storyboard;
			sourceTree = "<group>";
		};
		764C64791FE7658E002329AD /* LaunchScreen.storyboard */ = {
			isa = PBXVariantGroup;
			children = (
				764C647A1FE7658E002329AD /* Base */,
				7661AFBB1FEA5E3D00C20389 /* zh-Hans */,
			);
			name = LaunchScreen.storyboard;
			sourceTree = "<group>";
		};
		7661AFB91FEA5E1C00C20389 /* Localizable.strings */ = {
			isa = PBXVariantGroup;
			children = (
				7661AFB81FEA5E1C00C20389 /* en */,
				7661AFBC1FEA5E3D00C20389 /* zh-Hans */,
			);
			name = Localizable.strings;
			sourceTree = "<group>";
		};
/* End PBXVariantGroup section */

/* Begin XCBuildConfiguration section */
		764C64931FE7658E002329AD /* Debug */ = {
			isa = XCBuildConfiguration;
			buildSettings = {
				ALWAYS_SEARCH_USER_PATHS = NO;
				CLANG_ANALYZER_LOCALIZABILITY_NONLOCALIZED = YES;
				CLANG_ANALYZER_NONNULL = YES;
				CLANG_ANALYZER_NUMBER_OBJECT_CONVERSION = YES_AGGRESSIVE;
				CLANG_CXX_LANGUAGE_STANDARD = "gnu++14";
				CLANG_CXX_LIBRARY = "libc++";
				CLANG_ENABLE_MODULES = YES;
				CLANG_ENABLE_OBJC_ARC = YES;
				CLANG_WARN_BLOCK_CAPTURE_AUTORELEASING = YES;
				CLANG_WARN_BOOL_CONVERSION = YES;
				CLANG_WARN_COMMA = YES;
				CLANG_WARN_CONSTANT_CONVERSION = YES;
				CLANG_WARN_DIRECT_OBJC_ISA_USAGE = YES_ERROR;
				CLANG_WARN_DOCUMENTATION_COMMENTS = YES;
				CLANG_WARN_EMPTY_BODY = YES;
				CLANG_WARN_ENUM_CONVERSION = YES;
				CLANG_WARN_INFINITE_RECURSION = YES;
				CLANG_WARN_INT_CONVERSION = YES;
				CLANG_WARN_NON_LITERAL_NULL_CONVERSION = YES;
				CLANG_WARN_OBJC_LITERAL_CONVERSION = YES;
				CLANG_WARN_OBJC_ROOT_CLASS = YES_ERROR;
				CLANG_WARN_RANGE_LOOP_ANALYSIS = YES;
				CLANG_WARN_STRICT_PROTOTYPES = YES;
				CLANG_WARN_SUSPICIOUS_MOVE = YES;
				CLANG_WARN_UNGUARDED_AVAILABILITY = YES_AGGRESSIVE;
				CLANG_WARN_UNREACHABLE_CODE = YES;
				CLANG_WARN__DUPLICATE_METHOD_MATCH = YES;
				CODE_SIGN_IDENTITY = "iPhone Developer";
				COPY_PHASE_STRIP = NO;
				DEBUG_INFORMATION_FORMAT = dwarf;
				ENABLE_STRICT_OBJC_MSGSEND = YES;
				ENABLE_TESTABILITY = YES;
				GCC_C_LANGUAGE_STANDARD = gnu11;
				GCC_DYNAMIC_NO_PIC = NO;
				GCC_NO_COMMON_BLOCKS = YES;
				GCC_OPTIMIZATION_LEVEL = 0;
				GCC_PREPROCESSOR_DEFINITIONS = (
					"DEBUG=1",
					"$(inherited)",
				);
				GCC_WARN_64_TO_32_BIT_CONVERSION = YES;
				GCC_WARN_ABOUT_RETURN_TYPE = YES_ERROR;
				GCC_WARN_UNDECLARED_SELECTOR = YES;
				GCC_WARN_UNINITIALIZED_AUTOS = YES_AGGRESSIVE;
				GCC_WARN_UNUSED_FUNCTION = YES;
				GCC_WARN_UNUSED_VARIABLE = YES;
				IPHONEOS_DEPLOYMENT_TARGET = 11.1;
				MTL_ENABLE_DEBUG_INFO = YES;
				ONLY_ACTIVE_ARCH = YES;
				SDKROOT = iphoneos;
				SWIFT_ACTIVE_COMPILATION_CONDITIONS = DEBUG;
				SWIFT_OPTIMIZATION_LEVEL = "-Onone";
			};
			name = Debug;
		};
		764C64941FE7658E002329AD /* Release */ = {
			isa = XCBuildConfiguration;
			buildSettings = {
				ALWAYS_SEARCH_USER_PATHS = NO;
				CLANG_ANALYZER_LOCALIZABILITY_NONLOCALIZED = YES;
				CLANG_ANALYZER_NONNULL = YES;
				CLANG_ANALYZER_NUMBER_OBJECT_CONVERSION = YES_AGGRESSIVE;
				CLANG_CXX_LANGUAGE_STANDARD = "gnu++14";
				CLANG_CXX_LIBRARY = "libc++";
				CLANG_ENABLE_MODULES = YES;
				CLANG_ENABLE_OBJC_ARC = YES;
				CLANG_WARN_BLOCK_CAPTURE_AUTORELEASING = YES;
				CLANG_WARN_BOOL_CONVERSION = YES;
				CLANG_WARN_COMMA = YES;
				CLANG_WARN_CONSTANT_CONVERSION = YES;
				CLANG_WARN_DIRECT_OBJC_ISA_USAGE = YES_ERROR;
				CLANG_WARN_DOCUMENTATION_COMMENTS = YES;
				CLANG_WARN_EMPTY_BODY = YES;
				CLANG_WARN_ENUM_CONVERSION = YES;
				CLANG_WARN_INFINITE_RECURSION = YES;
				CLANG_WARN_INT_CONVERSION = YES;
				CLANG_WARN_NON_LITERAL_NULL_CONVERSION = YES;
				CLANG_WARN_OBJC_LITERAL_CONVERSION = YES;
				CLANG_WARN_OBJC_ROOT_CLASS = YES_ERROR;
				CLANG_WARN_RANGE_LOOP_ANALYSIS = YES;
				CLANG_WARN_STRICT_PROTOTYPES = YES;
				CLANG_WARN_SUSPICIOUS_MOVE = YES;
				CLANG_WARN_UNGUARDED_AVAILABILITY = YES_AGGRESSIVE;
				CLANG_WARN_UNREACHABLE_CODE = YES;
				CLANG_WARN__DUPLICATE_METHOD_MATCH = YES;
				CODE_SIGN_IDENTITY = "iPhone Developer";
				COPY_PHASE_STRIP = NO;
				DEBUG_INFORMATION_FORMAT = "dwarf-with-dsym";
				ENABLE_NS_ASSERTIONS = NO;
				ENABLE_STRICT_OBJC_MSGSEND = YES;
				GCC_C_LANGUAGE_STANDARD = gnu11;
				GCC_NO_COMMON_BLOCKS = YES;
				GCC_WARN_64_TO_32_BIT_CONVERSION = YES;
				GCC_WARN_ABOUT_RETURN_TYPE = YES_ERROR;
				GCC_WARN_UNDECLARED_SELECTOR = YES;
				GCC_WARN_UNINITIALIZED_AUTOS = YES_AGGRESSIVE;
				GCC_WARN_UNUSED_FUNCTION = YES;
				GCC_WARN_UNUSED_VARIABLE = YES;
				IPHONEOS_DEPLOYMENT_TARGET = 11.1;
				MTL_ENABLE_DEBUG_INFO = NO;
				SDKROOT = iphoneos;
				SWIFT_OPTIMIZATION_LEVEL = "-Owholemodule";
				VALIDATE_PRODUCT = YES;
			};
			name = Release;
		};
		764C64961FE7658E002329AD /* Debug */ = {
			isa = XCBuildConfiguration;
			baseConfigurationReference = A697D9B77D083E9AC853E4A8 /* Pods-jdapp.debug.xcconfig */;
			buildSettings = {
				ASSETCATALOG_COMPILER_APPICON_NAME = AppIcon;
				ASSETCATALOG_COMPILER_LAUNCHIMAGE_NAME = LaunchImage;
				CODE_SIGN_STYLE = Automatic;
				DEVELOPMENT_TEAM = 7NQEQBKMMR;
				GCC_PREFIX_HEADER = jdapp/Helper/UtilMacro.swift;
				INFOPLIST_FILE = "$(SRCROOT)/jdapp/SupportFiles/Info.plist";
				LD_RUNPATH_SEARCH_PATHS = "$(inherited) @executable_path/Frameworks";
				PRODUCT_BUNDLE_IDENTIFIER = test.wupeng.jdapp123;
				PRODUCT_NAME = "$(TARGET_NAME)";
				SWIFT_VERSION = 4.0;
				TARGETED_DEVICE_FAMILY = "1,2";
			};
			name = Debug;
		};
		764C64971FE7658E002329AD /* Release */ = {
			isa = XCBuildConfiguration;
			baseConfigurationReference = 2E81258EF75D55C2B4650DC8 /* Pods-jdapp.release.xcconfig */;
			buildSettings = {
				ASSETCATALOG_COMPILER_APPICON_NAME = AppIcon;
				ASSETCATALOG_COMPILER_LAUNCHIMAGE_NAME = LaunchImage;
				CODE_SIGN_STYLE = Automatic;
				DEVELOPMENT_TEAM = 7NQEQBKMMR;
				GCC_PREFIX_HEADER = jdapp/Helper/UtilMacro.swift;
				INFOPLIST_FILE = "$(SRCROOT)/jdapp/SupportFiles/Info.plist";
				LD_RUNPATH_SEARCH_PATHS = "$(inherited) @executable_path/Frameworks";
				PRODUCT_BUNDLE_IDENTIFIER = test.wupeng.jdapp123;
				PRODUCT_NAME = "$(TARGET_NAME)";
				SWIFT_VERSION = 4.0;
				TARGETED_DEVICE_FAMILY = "1,2";
			};
			name = Release;
		};
		764C64991FE7658E002329AD /* Debug */ = {
			isa = XCBuildConfiguration;
			baseConfigurationReference = F2B0D6871C46360AE6BF9BD7 /* Pods-jdappTests.debug.xcconfig */;
			buildSettings = {
				ALWAYS_EMBED_SWIFT_STANDARD_LIBRARIES = YES;
				BUNDLE_LOADER = "$(TEST_HOST)";
				CODE_SIGN_STYLE = Automatic;
				INFOPLIST_FILE = jdappTests/Info.plist;
				LD_RUNPATH_SEARCH_PATHS = "$(inherited) @executable_path/Frameworks @loader_path/Frameworks";
				PRODUCT_BUNDLE_IDENTIFIER = test.wupeng.jdappTests;
				PRODUCT_NAME = "$(TARGET_NAME)";
				SWIFT_VERSION = 4.0;
				TARGETED_DEVICE_FAMILY = "1,2";
				TEST_HOST = "$(BUILT_PRODUCTS_DIR)/jdapp.app/jdapp";
			};
			name = Debug;
		};
		764C649A1FE7658E002329AD /* Release */ = {
			isa = XCBuildConfiguration;
			baseConfigurationReference = D799D89983D0B28CDCCB4974 /* Pods-jdappTests.release.xcconfig */;
			buildSettings = {
				ALWAYS_EMBED_SWIFT_STANDARD_LIBRARIES = YES;
				BUNDLE_LOADER = "$(TEST_HOST)";
				CODE_SIGN_STYLE = Automatic;
				INFOPLIST_FILE = jdappTests/Info.plist;
				LD_RUNPATH_SEARCH_PATHS = "$(inherited) @executable_path/Frameworks @loader_path/Frameworks";
				PRODUCT_BUNDLE_IDENTIFIER = test.wupeng.jdappTests;
				PRODUCT_NAME = "$(TARGET_NAME)";
				SWIFT_VERSION = 4.0;
				TARGETED_DEVICE_FAMILY = "1,2";
				TEST_HOST = "$(BUILT_PRODUCTS_DIR)/jdapp.app/jdapp";
			};
			name = Release;
		};
		764C649C1FE7658E002329AD /* Debug */ = {
			isa = XCBuildConfiguration;
			baseConfigurationReference = 6332969F15EB458D5B63BA7F /* Pods-jdappUITests.debug.xcconfig */;
			buildSettings = {
				ALWAYS_EMBED_SWIFT_STANDARD_LIBRARIES = YES;
				CODE_SIGN_STYLE = Automatic;
				INFOPLIST_FILE = jdappUITests/Info.plist;
				LD_RUNPATH_SEARCH_PATHS = "$(inherited) @executable_path/Frameworks @loader_path/Frameworks";
				PRODUCT_BUNDLE_IDENTIFIER = test.wupeng.jdappUITests;
				PRODUCT_NAME = "$(TARGET_NAME)";
				SWIFT_VERSION = 4.0;
				TARGETED_DEVICE_FAMILY = "1,2";
				TEST_TARGET_NAME = jdapp;
			};
			name = Debug;
		};
		764C649D1FE7658E002329AD /* Release */ = {
			isa = XCBuildConfiguration;
			baseConfigurationReference = 22B699D8FD04E20958DAAE0D /* Pods-jdappUITests.release.xcconfig */;
			buildSettings = {
				ALWAYS_EMBED_SWIFT_STANDARD_LIBRARIES = YES;
				CODE_SIGN_STYLE = Automatic;
				INFOPLIST_FILE = jdappUITests/Info.plist;
				LD_RUNPATH_SEARCH_PATHS = "$(inherited) @executable_path/Frameworks @loader_path/Frameworks";
				PRODUCT_BUNDLE_IDENTIFIER = test.wupeng.jdappUITests;
				PRODUCT_NAME = "$(TARGET_NAME)";
				SWIFT_VERSION = 4.0;
				TARGETED_DEVICE_FAMILY = "1,2";
				TEST_TARGET_NAME = jdapp;
			};
			name = Release;
		};
/* End XCBuildConfiguration section */

/* Begin XCConfigurationList section */
		764C64681FE7658E002329AD /* Build configuration list for PBXProject "jdapp" */ = {
			isa = XCConfigurationList;
			buildConfigurations = (
				764C64931FE7658E002329AD /* Debug */,
				764C64941FE7658E002329AD /* Release */,
			);
			defaultConfigurationIsVisible = 0;
			defaultConfigurationName = Release;
		};
		764C64951FE7658E002329AD /* Build configuration list for PBXNativeTarget "jdapp" */ = {
			isa = XCConfigurationList;
			buildConfigurations = (
				764C64961FE7658E002329AD /* Debug */,
				764C64971FE7658E002329AD /* Release */,
			);
			defaultConfigurationIsVisible = 0;
			defaultConfigurationName = Release;
		};
		764C64981FE7658E002329AD /* Build configuration list for PBXNativeTarget "jdappTests" */ = {
			isa = XCConfigurationList;
			buildConfigurations = (
				764C64991FE7658E002329AD /* Debug */,
				764C649A1FE7658E002329AD /* Release */,
			);
			defaultConfigurationIsVisible = 0;
			defaultConfigurationName = Release;
		};
		764C649B1FE7658E002329AD /* Build configuration list for PBXNativeTarget "jdappUITests" */ = {
			isa = XCConfigurationList;
			buildConfigurations = (
				764C649C1FE7658E002329AD /* Debug */,
				764C649D1FE7658E002329AD /* Release */,
			);
			defaultConfigurationIsVisible = 0;
			defaultConfigurationName = Release;
		};
/* End XCConfigurationList section */
	};
	rootObject = 764C64651FE7658E002329AD /* Project object */;
}
